// !$*UTF8*$!
{
	archiveVersion = 1;
	classes = {
	};
	objectVersion = 50;
	objects = {

/* Begin PBXBuildFile section */
		72C2B912225C72D100BB8BA2 /* AppDelegate.swift in Sources */ = {isa = PBXBuildFile; fileRef = 72C2B911225C72D100BB8BA2 /* AppDelegate.swift */; };
		72C2B914225C72D100BB8BA2 /* ViewController.swift in Sources */ = {isa = PBXBuildFile; fileRef = 72C2B913225C72D100BB8BA2 /* ViewController.swift */; };
		72C2B917225C72D100BB8BA2 /* Main.storyboard in Resources */ = {isa = PBXBuildFile; fileRef = 72C2B915225C72D100BB8BA2 /* Main.storyboard */; };
		72C2B919225C72D400BB8BA2 /* Assets.xcassets in Resources */ = {isa = PBXBuildFile; fileRef = 72C2B918225C72D400BB8BA2 /* Assets.xcassets */; };
		72C2B91C225C72D400BB8BA2 /* LaunchScreen.storyboard in Resources */ = {isa = PBXBuildFile; fileRef = 72C2B91A225C72D400BB8BA2 /* LaunchScreen.storyboard */; };
		72C2B929225C96B200BB8BA2 /* Module.swift in Sources */ = {isa = PBXBuildFile; fileRef = 72C2B928225C96B200BB8BA2 /* Module.swift */; };
		72C2B92B225C96D000BB8BA2 /* DisplayContext.swift in Sources */ = {isa = PBXBuildFile; fileRef = 72C2B92A225C96D000BB8BA2 /* DisplayContext.swift */; };
		72C2B92E225C9FBA00BB8BA2 /* RootModule.swift in Sources */ = {isa = PBXBuildFile; fileRef = 72C2B92D225C9FBA00BB8BA2 /* RootModule.swift */; };
		72C2B930225CA21700BB8BA2 /* RootVC.swift in Sources */ = {isa = PBXBuildFile; fileRef = 72C2B92F225CA21700BB8BA2 /* RootVC.swift */; };
		72C2B937225D8D0000BB8BA2 /* ProbesVC.swift in Sources */ = {isa = PBXBuildFile; fileRef = 72C2B936225D8D0000BB8BA2 /* ProbesVC.swift */; };
		72C2B93C225D8D7500BB8BA2 /* SideMenuVC.swift in Sources */ = {isa = PBXBuildFile; fileRef = 72C2B93B225D8D7500BB8BA2 /* SideMenuVC.swift */; };
		72C2B93E225D8DFC00BB8BA2 /* SideMenu.storyboard in Resources */ = {isa = PBXBuildFile; fileRef = 72C2B93D225D8DFC00BB8BA2 /* SideMenu.storyboard */; };
		72C2B940225D988B00BB8BA2 /* SideMenuVC+Cells.swift in Sources */ = {isa = PBXBuildFile; fileRef = 72C2B93F225D988B00BB8BA2 /* SideMenuVC+Cells.swift */; };
		72C2B943225DCF5600BB8BA2 /* AlertsVC.swift in Sources */ = {isa = PBXBuildFile; fileRef = 72C2B942225DCF5600BB8BA2 /* AlertsVC.swift */; };
		72C2B945225DCF8600BB8BA2 /* Probes.storyboard in Resources */ = {isa = PBXBuildFile; fileRef = 72C2B944225DCF8600BB8BA2 /* Probes.storyboard */; };
		72C2B948225DCFCC00BB8BA2 /* Probe.swift in Sources */ = {isa = PBXBuildFile; fileRef = 72C2B947225DCFCC00BB8BA2 /* Probe.swift */; };
		72C2B94C225DD16D00BB8BA2 /* CommonMonitorCell.swift in Sources */ = {isa = PBXBuildFile; fileRef = 72C2B94B225DD16D00BB8BA2 /* CommonMonitorCell.swift */; };
		72C2B94E225DD17F00BB8BA2 /* CommonMonitorCell.xib in Resources */ = {isa = PBXBuildFile; fileRef = 72C2B94D225DD17F00BB8BA2 /* CommonMonitorCell.xib */; };
		72C2B950225DD71100BB8BA2 /* SampleProbes.xml in Resources */ = {isa = PBXBuildFile; fileRef = 72C2B94F225DD71000BB8BA2 /* SampleProbes.xml */; };
		72C2B952225DD76100BB8BA2 /* SampleProbesData.swift in Sources */ = {isa = PBXBuildFile; fileRef = 72C2B951225DD76100BB8BA2 /* SampleProbesData.swift */; };
		72C2B955225DF0C600BB8BA2 /* OrganizationsVC.swift in Sources */ = {isa = PBXBuildFile; fileRef = 72C2B954225DF0C600BB8BA2 /* OrganizationsVC.swift */; };
		72C2B957225DF0E100BB8BA2 /* Organizations.storyboard in Resources */ = {isa = PBXBuildFile; fileRef = 72C2B956225DF0E100BB8BA2 /* Organizations.storyboard */; };
		72C2B95A225EE17700BB8BA2 /* Devices.storyboard in Resources */ = {isa = PBXBuildFile; fileRef = 72C2B959225EE17700BB8BA2 /* Devices.storyboard */; };
		72C2B95C225EE18600BB8BA2 /* DevicesVC.swift in Sources */ = {isa = PBXBuildFile; fileRef = 72C2B95B225EE18600BB8BA2 /* DevicesVC.swift */; };
		72C2B95F225EE63C00BB8BA2 /* SensorsVC.swift in Sources */ = {isa = PBXBuildFile; fileRef = 72C2B95E225EE63C00BB8BA2 /* SensorsVC.swift */; };
		72C2B961225EE64500BB8BA2 /* Sensors.storyboard in Resources */ = {isa = PBXBuildFile; fileRef = 72C2B960225EE64500BB8BA2 /* Sensors.storyboard */; };
		72C2B964225EE88A00BB8BA2 /* Sensor.storyboard in Resources */ = {isa = PBXBuildFile; fileRef = 72C2B963225EE88A00BB8BA2 /* Sensor.storyboard */; };
		72C2B966225EE89800BB8BA2 /* SensorVC.swift in Sources */ = {isa = PBXBuildFile; fileRef = 72C2B965225EE89800BB8BA2 /* SensorVC.swift */; };
		72C2B968225F166000BB8BA2 /* SensorVC+Cells.swift in Sources */ = {isa = PBXBuildFile; fileRef = 72C2B967225F166000BB8BA2 /* SensorVC+Cells.swift */; };
		72C2B96A225F2C8900BB8BA2 /* SensorsVC+Cells.swift in Sources */ = {isa = PBXBuildFile; fileRef = 72C2B969225F2C8900BB8BA2 /* SensorsVC+Cells.swift */; };
		75DB5D547C53CFC015BF29D7 /* Pods_MonitorApp.framework in Frameworks */ = {isa = PBXBuildFile; fileRef = 131D97F6125DBC46FB3F5064 /* Pods_MonitorApp.framework */; };
/* End PBXBuildFile section */

/* Begin PBXFileReference section */
		0C97B24181153E58021AA8D4 /* Pods-MonitorApp.release.xcconfig */ = {isa = PBXFileReference; includeInIndex = 1; lastKnownFileType = text.xcconfig; name = "Pods-MonitorApp.release.xcconfig"; path = "Pods/Target Support Files/Pods-MonitorApp/Pods-MonitorApp.release.xcconfig"; sourceTree = "<group>"; };
		131D97F6125DBC46FB3F5064 /* Pods_MonitorApp.framework */ = {isa = PBXFileReference; explicitFileType = wrapper.framework; includeInIndex = 0; path = Pods_MonitorApp.framework; sourceTree = BUILT_PRODUCTS_DIR; };
		72C2B90E225C72D100BB8BA2 /* MonitorApp.app */ = {isa = PBXFileReference; explicitFileType = wrapper.application; includeInIndex = 0; path = MonitorApp.app; sourceTree = BUILT_PRODUCTS_DIR; };
		72C2B911225C72D100BB8BA2 /* AppDelegate.swift */ = {isa = PBXFileReference; lastKnownFileType = sourcecode.swift; path = AppDelegate.swift; sourceTree = "<group>"; };
		72C2B913225C72D100BB8BA2 /* ViewController.swift */ = {isa = PBXFileReference; lastKnownFileType = sourcecode.swift; path = ViewController.swift; sourceTree = "<group>"; };
		72C2B916225C72D100BB8BA2 /* Base */ = {isa = PBXFileReference; lastKnownFileType = file.storyboard; name = Base; path = Base.lproj/Main.storyboard; sourceTree = "<group>"; };
		72C2B918225C72D400BB8BA2 /* Assets.xcassets */ = {isa = PBXFileReference; lastKnownFileType = folder.assetcatalog; path = Assets.xcassets; sourceTree = "<group>"; };
		72C2B91B225C72D400BB8BA2 /* Base */ = {isa = PBXFileReference; lastKnownFileType = file.storyboard; name = Base; path = Base.lproj/LaunchScreen.storyboard; sourceTree = "<group>"; };
		72C2B91D225C72D400BB8BA2 /* Info.plist */ = {isa = PBXFileReference; lastKnownFileType = text.plist.xml; path = Info.plist; sourceTree = "<group>"; };
		72C2B928225C96B200BB8BA2 /* Module.swift */ = {isa = PBXFileReference; lastKnownFileType = sourcecode.swift; path = Module.swift; sourceTree = "<group>"; };
		72C2B92A225C96D000BB8BA2 /* DisplayContext.swift */ = {isa = PBXFileReference; lastKnownFileType = sourcecode.swift; path = DisplayContext.swift; sourceTree = "<group>"; };
		72C2B92D225C9FBA00BB8BA2 /* RootModule.swift */ = {isa = PBXFileReference; lastKnownFileType = sourcecode.swift; path = RootModule.swift; sourceTree = "<group>"; };
		72C2B92F225CA21700BB8BA2 /* RootVC.swift */ = {isa = PBXFileReference; lastKnownFileType = sourcecode.swift; path = RootVC.swift; sourceTree = "<group>"; };
		72C2B936225D8D0000BB8BA2 /* ProbesVC.swift */ = {isa = PBXFileReference; lastKnownFileType = sourcecode.swift; path = ProbesVC.swift; sourceTree = "<group>"; };
		72C2B93B225D8D7500BB8BA2 /* SideMenuVC.swift */ = {isa = PBXFileReference; lastKnownFileType = sourcecode.swift; path = SideMenuVC.swift; sourceTree = "<group>"; };
		72C2B93D225D8DFC00BB8BA2 /* SideMenu.storyboard */ = {isa = PBXFileReference; lastKnownFileType = file.storyboard; path = SideMenu.storyboard; sourceTree = "<group>"; };
		72C2B93F225D988B00BB8BA2 /* SideMenuVC+Cells.swift */ = {isa = PBXFileReference; lastKnownFileType = sourcecode.swift; path = "SideMenuVC+Cells.swift"; sourceTree = "<group>"; };
		72C2B942225DCF5600BB8BA2 /* AlertsVC.swift */ = {isa = PBXFileReference; lastKnownFileType = sourcecode.swift; path = AlertsVC.swift; sourceTree = "<group>"; };
		72C2B944225DCF8600BB8BA2 /* Probes.storyboard */ = {isa = PBXFileReference; lastKnownFileType = file.storyboard; path = Probes.storyboard; sourceTree = "<group>"; };
		72C2B947225DCFCC00BB8BA2 /* Probe.swift */ = {isa = PBXFileReference; lastKnownFileType = sourcecode.swift; path = Probe.swift; sourceTree = "<group>"; };
		72C2B94B225DD16D00BB8BA2 /* CommonMonitorCell.swift */ = {isa = PBXFileReference; lastKnownFileType = sourcecode.swift; path = CommonMonitorCell.swift; sourceTree = "<group>"; };
		72C2B94D225DD17F00BB8BA2 /* CommonMonitorCell.xib */ = {isa = PBXFileReference; lastKnownFileType = file.xib; path = CommonMonitorCell.xib; sourceTree = "<group>"; };
		72C2B94F225DD71000BB8BA2 /* SampleProbes.xml */ = {isa = PBXFileReference; fileEncoding = 4; lastKnownFileType = text.xml; path = SampleProbes.xml; sourceTree = "<group>"; };
		72C2B951225DD76100BB8BA2 /* SampleProbesData.swift */ = {isa = PBXFileReference; lastKnownFileType = sourcecode.swift; path = SampleProbesData.swift; sourceTree = "<group>"; };
		72C2B954225DF0C600BB8BA2 /* OrganizationsVC.swift */ = {isa = PBXFileReference; lastKnownFileType = sourcecode.swift; path = OrganizationsVC.swift; sourceTree = "<group>"; };
		72C2B956225DF0E100BB8BA2 /* Organizations.storyboard */ = {isa = PBXFileReference; lastKnownFileType = file.storyboard; path = Organizations.storyboard; sourceTree = "<group>"; };
		72C2B959225EE17700BB8BA2 /* Devices.storyboard */ = {isa = PBXFileReference; lastKnownFileType = file.storyboard; path = Devices.storyboard; sourceTree = "<group>"; };
		72C2B95B225EE18600BB8BA2 /* DevicesVC.swift */ = {isa = PBXFileReference; lastKnownFileType = sourcecode.swift; path = DevicesVC.swift; sourceTree = "<group>"; };
		72C2B95E225EE63C00BB8BA2 /* SensorsVC.swift */ = {isa = PBXFileReference; lastKnownFileType = sourcecode.swift; path = SensorsVC.swift; sourceTree = "<group>"; };
		72C2B960225EE64500BB8BA2 /* Sensors.storyboard */ = {isa = PBXFileReference; lastKnownFileType = file.storyboard; path = Sensors.storyboard; sourceTree = "<group>"; };
		72C2B963225EE88A00BB8BA2 /* Sensor.storyboard */ = {isa = PBXFileReference; lastKnownFileType = file.storyboard; path = Sensor.storyboard; sourceTree = "<group>"; };
		72C2B965225EE89800BB8BA2 /* SensorVC.swift */ = {isa = PBXFileReference; lastKnownFileType = sourcecode.swift; path = SensorVC.swift; sourceTree = "<group>"; };
		72C2B967225F166000BB8BA2 /* SensorVC+Cells.swift */ = {isa = PBXFileReference; lastKnownFileType = sourcecode.swift; path = "SensorVC+Cells.swift"; sourceTree = "<group>"; };
		72C2B969225F2C8900BB8BA2 /* SensorsVC+Cells.swift */ = {isa = PBXFileReference; lastKnownFileType = sourcecode.swift; path = "SensorsVC+Cells.swift"; sourceTree = "<group>"; };
		C2950D2B2CE23034B8F77289 /* Pods-MonitorApp.debug.xcconfig */ = {isa = PBXFileReference; includeInIndex = 1; lastKnownFileType = text.xcconfig; name = "Pods-MonitorApp.debug.xcconfig"; path = "Pods/Target Support Files/Pods-MonitorApp/Pods-MonitorApp.debug.xcconfig"; sourceTree = "<group>"; };
/* End PBXFileReference section */

/* Begin PBXFrameworksBuildPhase section */
		72C2B90B225C72D100BB8BA2 /* Frameworks */ = {
			isa = PBXFrameworksBuildPhase;
			buildActionMask = 2147483647;
			files = (
				75DB5D547C53CFC015BF29D7 /* Pods_MonitorApp.framework in Frameworks */,
			);
			runOnlyForDeploymentPostprocessing = 0;
		};
/* End PBXFrameworksBuildPhase section */

/* Begin PBXGroup section */
		72C2B905225C72D100BB8BA2 = {
			isa = PBXGroup;
			children = (
				72C2B910225C72D100BB8BA2 /* MonitorApp */,
				72C2B90F225C72D100BB8BA2 /* Products */,
				785683D815BA1898A065E1C6 /* Pods */,
				FCEEF4CBED94E6B7BB3CE285 /* Frameworks */,
			);
			sourceTree = "<group>";
		};
		72C2B90F225C72D100BB8BA2 /* Products */ = {
			isa = PBXGroup;
			children = (
				72C2B90E225C72D100BB8BA2 /* MonitorApp.app */,
			);
			name = Products;
			sourceTree = "<group>";
		};
		72C2B910225C72D100BB8BA2 /* MonitorApp */ = {
			isa = PBXGroup;
			children = (
				72C2B926225C969000BB8BA2 /* Core */,
				72C2B923225C921000BB8BA2 /* App */,
				72C2B918225C72D400BB8BA2 /* Assets.xcassets */,
				72C2B91D225C72D400BB8BA2 /* Info.plist */,
			);
			path = MonitorApp;
			sourceTree = "<group>";
		};
		72C2B923225C921000BB8BA2 /* App */ = {
			isa = PBXGroup;
			children = (
				72C2B946225DCFBE00BB8BA2 /* Model */,
				72C2B925225C92E600BB8BA2 /* Modules */,
				72C2B924225C923300BB8BA2 /* Main */,
			);
			path = App;
			sourceTree = "<group>";
		};
		72C2B924225C923300BB8BA2 /* Main */ = {
			isa = PBXGroup;
			children = (
				72C2B911225C72D100BB8BA2 /* AppDelegate.swift */,
				72C2B913225C72D100BB8BA2 /* ViewController.swift */,
				72C2B91A225C72D400BB8BA2 /* LaunchScreen.storyboard */,
				72C2B915225C72D100BB8BA2 /* Main.storyboard */,
			);
			path = Main;
			sourceTree = "<group>";
		};
		72C2B925225C92E600BB8BA2 /* Modules */ = {
			isa = PBXGroup;
			children = (
				72C2B949225DD03C00BB8BA2 /* CommonComponents */,
				72C2B92C225C9FA700BB8BA2 /* Root */,
				72C2B93A225D8D4100BB8BA2 /* SideMenu */,
				72C2B934225D8CCA00BB8BA2 /* Probes */,
				72C2B953225DF0A700BB8BA2 /* Organizations */,
				72C2B958225EE16200BB8BA2 /* Devices */,
				72C2B95D225EE62100BB8BA2 /* Sensors */,
				72C2B962225EE87200BB8BA2 /* Sensor */,
				72C2B941225DCEFC00BB8BA2 /* Alerts */,
			);
			path = Modules;
			sourceTree = "<group>";
		};
		72C2B926225C969000BB8BA2 /* Core */ = {
			isa = PBXGroup;
			children = (
				72C2B927225C96A100BB8BA2 /* Module */,
			);
			path = Core;
			sourceTree = "<group>";
		};
		72C2B927225C96A100BB8BA2 /* Module */ = {
			isa = PBXGroup;
			children = (
				72C2B928225C96B200BB8BA2 /* Module.swift */,
				72C2B92A225C96D000BB8BA2 /* DisplayContext.swift */,
			);
			path = Module;
			sourceTree = "<group>";
		};
		72C2B92C225C9FA700BB8BA2 /* Root */ = {
			isa = PBXGroup;
			children = (
				72C2B92D225C9FBA00BB8BA2 /* RootModule.swift */,
				72C2B92F225CA21700BB8BA2 /* RootVC.swift */,
			);
			path = Root;
			sourceTree = "<group>";
		};
		72C2B934225D8CCA00BB8BA2 /* Probes */ = {
			isa = PBXGroup;
			children = (
				72C2B944225DCF8600BB8BA2 /* Probes.storyboard */,
				72C2B936225D8D0000BB8BA2 /* ProbesVC.swift */,
			);
			path = Probes;
			sourceTree = "<group>";
		};
		72C2B93A225D8D4100BB8BA2 /* SideMenu */ = {
			isa = PBXGroup;
			children = (
				72C2B93D225D8DFC00BB8BA2 /* SideMenu.storyboard */,
				72C2B93B225D8D7500BB8BA2 /* SideMenuVC.swift */,
				72C2B93F225D988B00BB8BA2 /* SideMenuVC+Cells.swift */,
			);
			path = SideMenu;
			sourceTree = "<group>";
		};
		72C2B941225DCEFC00BB8BA2 /* Alerts */ = {
			isa = PBXGroup;
			children = (
				72C2B942225DCF5600BB8BA2 /* AlertsVC.swift */,
			);
			path = Alerts;
			sourceTree = "<group>";
		};
		72C2B946225DCFBE00BB8BA2 /* Model */ = {
			isa = PBXGroup;
			children = (
				72C2B94F225DD71000BB8BA2 /* SampleProbes.xml */,
				72C2B947225DCFCC00BB8BA2 /* Probe.swift */,
				72C2B951225DD76100BB8BA2 /* SampleProbesData.swift */,
			);
			path = Model;
			sourceTree = "<group>";
		};
		72C2B949225DD03C00BB8BA2 /* CommonComponents */ = {
			isa = PBXGroup;
			children = (
				72C2B94A225DD15000BB8BA2 /* CommonMonitorCell */,
			);
			path = CommonComponents;
			sourceTree = "<group>";
		};
		72C2B94A225DD15000BB8BA2 /* CommonMonitorCell */ = {
			isa = PBXGroup;
			children = (
				72C2B94B225DD16D00BB8BA2 /* CommonMonitorCell.swift */,
				72C2B94D225DD17F00BB8BA2 /* CommonMonitorCell.xib */,
			);
			path = CommonMonitorCell;
			sourceTree = "<group>";
		};
		72C2B953225DF0A700BB8BA2 /* Organizations */ = {
			isa = PBXGroup;
			children = (
				72C2B956225DF0E100BB8BA2 /* Organizations.storyboard */,
				72C2B954225DF0C600BB8BA2 /* OrganizationsVC.swift */,
			);
			path = Organizations;
			sourceTree = "<group>";
		};
		72C2B958225EE16200BB8BA2 /* Devices */ = {
			isa = PBXGroup;
			children = (
				72C2B959225EE17700BB8BA2 /* Devices.storyboard */,
				72C2B95B225EE18600BB8BA2 /* DevicesVC.swift */,
			);
			path = Devices;
			sourceTree = "<group>";
		};
		72C2B95D225EE62100BB8BA2 /* Sensors */ = {
			isa = PBXGroup;
			children = (
				72C2B960225EE64500BB8BA2 /* Sensors.storyboard */,
				72C2B95E225EE63C00BB8BA2 /* SensorsVC.swift */,
				72C2B969225F2C8900BB8BA2 /* SensorsVC+Cells.swift */,
			);
			path = Sensors;
			sourceTree = "<group>";
		};
		72C2B962225EE87200BB8BA2 /* Sensor */ = {
			isa = PBXGroup;
			children = (
				72C2B963225EE88A00BB8BA2 /* Sensor.storyboard */,
				72C2B965225EE89800BB8BA2 /* SensorVC.swift */,
				72C2B967225F166000BB8BA2 /* SensorVC+Cells.swift */,
			);
			path = Sensor;
			sourceTree = "<group>";
		};
		785683D815BA1898A065E1C6 /* Pods */ = {
			isa = PBXGroup;
			children = (
				C2950D2B2CE23034B8F77289 /* Pods-MonitorApp.debug.xcconfig */,
				0C97B24181153E58021AA8D4 /* Pods-MonitorApp.release.xcconfig */,
			);
			name = Pods;
			sourceTree = "<group>";
		};
		FCEEF4CBED94E6B7BB3CE285 /* Frameworks */ = {
			isa = PBXGroup;
			children = (
				131D97F6125DBC46FB3F5064 /* Pods_MonitorApp.framework */,
			);
			name = Frameworks;
			sourceTree = "<group>";
		};
/* End PBXGroup section */

/* Begin PBXNativeTarget section */
		72C2B90D225C72D100BB8BA2 /* MonitorApp */ = {
			isa = PBXNativeTarget;
			buildConfigurationList = 72C2B920225C72D400BB8BA2 /* Build configuration list for PBXNativeTarget "MonitorApp" */;
			buildPhases = (
				B28A4E97A01E2957D851FE95 /* [CP] Check Pods Manifest.lock */,
				72C2B90A225C72D100BB8BA2 /* Sources */,
				72C2B90B225C72D100BB8BA2 /* Frameworks */,
				72C2B90C225C72D100BB8BA2 /* Resources */,
				9BC3A2DA167F6B898D5A0B43 /* [CP] Embed Pods Frameworks */,
				34659CAD606F34D836B585E0 /* [CP] Copy Pods Resources */,
			);
			buildRules = (
			);
			dependencies = (
			);
			name = MonitorApp;
			productName = MonitorApp;
			productReference = 72C2B90E225C72D100BB8BA2 /* MonitorApp.app */;
			productType = "com.apple.product-type.application";
		};
/* End PBXNativeTarget section */

/* Begin PBXProject section */
		72C2B906225C72D100BB8BA2 /* Project object */ = {
			isa = PBXProject;
			attributes = {
				LastSwiftUpdateCheck = 1010;
				LastUpgradeCheck = 1010;
				ORGANIZATIONNAME = hwacom;
				TargetAttributes = {
					72C2B90D225C72D100BB8BA2 = {
						CreatedOnToolsVersion = 10.1;
					};
				};
			};
			buildConfigurationList = 72C2B909225C72D100BB8BA2 /* Build configuration list for PBXProject "MonitorApp" */;
			compatibilityVersion = "Xcode 9.3";
			developmentRegion = en;
			hasScannedForEncodings = 0;
			knownRegions = (
				en,
				Base,
			);
			mainGroup = 72C2B905225C72D100BB8BA2;
			productRefGroup = 72C2B90F225C72D100BB8BA2 /* Products */;
			projectDirPath = "";
			projectRoot = "";
			targets = (
				72C2B90D225C72D100BB8BA2 /* MonitorApp */,
			);
		};
/* End PBXProject section */

/* Begin PBXResourcesBuildPhase section */
		72C2B90C225C72D100BB8BA2 /* Resources */ = {
			isa = PBXResourcesBuildPhase;
			buildActionMask = 2147483647;
			files = (
				72C2B945225DCF8600BB8BA2 /* Probes.storyboard in Resources */,
				72C2B93E225D8DFC00BB8BA2 /* SideMenu.storyboard in Resources */,
				72C2B91C225C72D400BB8BA2 /* LaunchScreen.storyboard in Resources */,
				72C2B957225DF0E100BB8BA2 /* Organizations.storyboard in Resources */,
				72C2B964225EE88A00BB8BA2 /* Sensor.storyboard in Resources */,
				72C2B94E225DD17F00BB8BA2 /* CommonMonitorCell.xib in Resources */,
				72C2B919225C72D400BB8BA2 /* Assets.xcassets in Resources */,
				72C2B961225EE64500BB8BA2 /* Sensors.storyboard in Resources */,
				72C2B950225DD71100BB8BA2 /* SampleProbes.xml in Resources */,
				72C2B917225C72D100BB8BA2 /* Main.storyboard in Resources */,
				72C2B95A225EE17700BB8BA2 /* Devices.storyboard in Resources */,
			);
			runOnlyForDeploymentPostprocessing = 0;
		};
/* End PBXResourcesBuildPhase section */

/* Begin PBXShellScriptBuildPhase section */
		34659CAD606F34D836B585E0 /* [CP] Copy Pods Resources */ = {
			isa = PBXShellScriptBuildPhase;
			buildActionMask = 2147483647;
			files = (
			);
			inputFileListPaths = (
			);
			inputPaths = (
			);
			name = "[CP] Copy Pods Resources";
			outputFileListPaths = (
			);
			outputPaths = (
			);
			runOnlyForDeploymentPostprocessing = 0;
			shellPath = /bin/sh;
			shellScript = "\"${SRCROOT}/Pods/Target Support Files/Pods-MonitorApp/Pods-MonitorApp-resources.sh\"\n";
			showEnvVarsInLog = 0;
		};
		9BC3A2DA167F6B898D5A0B43 /* [CP] Embed Pods Frameworks */ = {
			isa = PBXShellScriptBuildPhase;
			buildActionMask = 2147483647;
			files = (
			);
			inputFileListPaths = (
			);
			inputPaths = (
				"${SRCROOT}/Pods/Target Support Files/Pods-MonitorApp/Pods-MonitorApp-frameworks.sh",
				"${BUILT_PRODUCTS_DIR}/Ono/Ono.framework",
				"${BUILT_PRODUCTS_DIR}/SideMenu/SideMenu.framework",
			);
			name = "[CP] Embed Pods Frameworks";
			outputFileListPaths = (
			);
			outputPaths = (
				"${TARGET_BUILD_DIR}/${FRAMEWORKS_FOLDER_PATH}/Ono.framework",
				"${TARGET_BUILD_DIR}/${FRAMEWORKS_FOLDER_PATH}/SideMenu.framework",
			);
			runOnlyForDeploymentPostprocessing = 0;
			shellPath = /bin/sh;
			shellScript = "\"${SRCROOT}/Pods/Target Support Files/Pods-MonitorApp/Pods-MonitorApp-frameworks.sh\"\n";
			showEnvVarsInLog = 0;
		};
		B28A4E97A01E2957D851FE95 /* [CP] Check Pods Manifest.lock */ = {
			isa = PBXShellScriptBuildPhase;
			buildActionMask = 2147483647;
			files = (
			);
			inputFileListPaths = (
			);
			inputPaths = (
				"${PODS_PODFILE_DIR_PATH}/Podfile.lock",
				"${PODS_ROOT}/Manifest.lock",
			);
			name = "[CP] Check Pods Manifest.lock";
			outputFileListPaths = (
			);
			outputPaths = (
				"$(DERIVED_FILE_DIR)/Pods-MonitorApp-checkManifestLockResult.txt",
			);
			runOnlyForDeploymentPostprocessing = 0;
			shellPath = /bin/sh;
			shellScript = "diff \"${PODS_PODFILE_DIR_PATH}/Podfile.lock\" \"${PODS_ROOT}/Manifest.lock\" > /dev/null\nif [ $? != 0 ] ; then\n    # print error to STDERR\n    echo \"error: The sandbox is not in sync with the Podfile.lock. Run 'pod install' or update your CocoaPods installation.\" >&2\n    exit 1\nfi\n# This output is used by Xcode 'outputs' to avoid re-running this script phase.\necho \"SUCCESS\" > \"${SCRIPT_OUTPUT_FILE_0}\"\n";
			showEnvVarsInLog = 0;
		};
/* End PBXShellScriptBuildPhase section */

/* Begin PBXSourcesBuildPhase section */
		72C2B90A225C72D100BB8BA2 /* Sources */ = {
			isa = PBXSourcesBuildPhase;
			buildActionMask = 2147483647;
			files = (
				72C2B95F225EE63C00BB8BA2 /* SensorsVC.swift in Sources */,
				72C2B930225CA21700BB8BA2 /* RootVC.swift in Sources */,
				72C2B96A225F2C8900BB8BA2 /* SensorsVC+Cells.swift in Sources */,
				72C2B937225D8D0000BB8BA2 /* ProbesVC.swift in Sources */,
				72C2B948225DCFCC00BB8BA2 /* Probe.swift in Sources */,
				72C2B968225F166000BB8BA2 /* SensorVC+Cells.swift in Sources */,
				72C2B966225EE89800BB8BA2 /* SensorVC.swift in Sources */,
				72C2B955225DF0C600BB8BA2 /* OrganizationsVC.swift in Sources */,
				72C2B914225C72D100BB8BA2 /* ViewController.swift in Sources */,
				72C2B912225C72D100BB8BA2 /* AppDelegate.swift in Sources */,
				72C2B92B225C96D000BB8BA2 /* DisplayContext.swift in Sources */,
				72C2B93C225D8D7500BB8BA2 /* SideMenuVC.swift in Sources */,
				72C2B952225DD76100BB8BA2 /* SampleProbesData.swift in Sources */,
				72C2B94C225DD16D00BB8BA2 /* CommonMonitorCell.swift in Sources */,
				72C2B929225C96B200BB8BA2 /* Module.swift in Sources */,
				72C2B940225D988B00BB8BA2 /* SideMenuVC+Cells.swift in Sources */,
				72C2B95C225EE18600BB8BA2 /* DevicesVC.swift in Sources */,
				72C2B92E225C9FBA00BB8BA2 /* RootModule.swift in Sources */,
				72C2B943225DCF5600BB8BA2 /* AlertsVC.swift in Sources */,
			);
			runOnlyForDeploymentPostprocessing = 0;
		};
/* End PBXSourcesBuildPhase section */

/* Begin PBXVariantGroup section */
		72C2B915225C72D100BB8BA2 /* Main.storyboard */ = {
			isa = PBXVariantGroup;
			children = (
				72C2B916225C72D100BB8BA2 /* Base */,
			);
			name = Main.storyboard;
			sourceTree = "<group>";
		};
		72C2B91A225C72D400BB8BA2 /* LaunchScreen.storyboard */ = {
			isa = PBXVariantGroup;
			children = (
				72C2B91B225C72D400BB8BA2 /* Base */,
			);
			name = LaunchScreen.storyboard;
			sourceTree = "<group>";
		};
/* End PBXVariantGroup section */

/* Begin XCBuildConfiguration section */
		72C2B91E225C72D400BB8BA2 /* Debug */ = {
			isa = XCBuildConfiguration;
			buildSettings = {
				ALWAYS_SEARCH_USER_PATHS = NO;
				CLANG_ANALYZER_NONNULL = YES;
				CLANG_ANALYZER_NUMBER_OBJECT_CONVERSION = YES_AGGRESSIVE;
				CLANG_CXX_LANGUAGE_STANDARD = "gnu++14";
				CLANG_CXX_LIBRARY = "libc++";
				CLANG_ENABLE_MODULES = YES;
				CLANG_ENABLE_OBJC_ARC = YES;
				CLANG_ENABLE_OBJC_WEAK = YES;
				CLANG_WARN_BLOCK_CAPTURE_AUTORELEASING = YES;
				CLANG_WARN_BOOL_CONVERSION = YES;
				CLANG_WARN_COMMA = YES;
				CLANG_WARN_CONSTANT_CONVERSION = YES;
				CLANG_WARN_DEPRECATED_OBJC_IMPLEMENTATIONS = YES;
				CLANG_WARN_DIRECT_OBJC_ISA_USAGE = YES_ERROR;
				CLANG_WARN_DOCUMENTATION_COMMENTS = YES;
				CLANG_WARN_EMPTY_BODY = YES;
				CLANG_WARN_ENUM_CONVERSION = YES;
				CLANG_WARN_INFINITE_RECURSION = YES;
				CLANG_WARN_INT_CONVERSION = YES;
				CLANG_WARN_NON_LITERAL_NULL_CONVERSION = YES;
				CLANG_WARN_OBJC_IMPLICIT_RETAIN_SELF = YES;
				CLANG_WARN_OBJC_LITERAL_CONVERSION = YES;
				CLANG_WARN_OBJC_ROOT_CLASS = YES_ERROR;
				CLANG_WARN_RANGE_LOOP_ANALYSIS = YES;
				CLANG_WARN_STRICT_PROTOTYPES = YES;
				CLANG_WARN_SUSPICIOUS_MOVE = YES;
				CLANG_WARN_UNGUARDED_AVAILABILITY = YES_AGGRESSIVE;
				CLANG_WARN_UNREACHABLE_CODE = YES;
				CLANG_WARN__DUPLICATE_METHOD_MATCH = YES;
				CODE_SIGN_IDENTITY = "iPhone Developer";
				COPY_PHASE_STRIP = NO;
				DEBUG_INFORMATION_FORMAT = dwarf;
				ENABLE_STRICT_OBJC_MSGSEND = YES;
				ENABLE_TESTABILITY = YES;
				GCC_C_LANGUAGE_STANDARD = gnu11;
				GCC_DYNAMIC_NO_PIC = NO;
				GCC_NO_COMMON_BLOCKS = YES;
				GCC_OPTIMIZATION_LEVEL = 0;
				GCC_PREPROCESSOR_DEFINITIONS = (
					"DEBUG=1",
					"$(inherited)",
				);
				GCC_WARN_64_TO_32_BIT_CONVERSION = YES;
				GCC_WARN_ABOUT_RETURN_TYPE = YES_ERROR;
				GCC_WARN_UNDECLARED_SELECTOR = YES;
				GCC_WARN_UNINITIALIZED_AUTOS = YES_AGGRESSIVE;
				GCC_WARN_UNUSED_FUNCTION = YES;
				GCC_WARN_UNUSED_VARIABLE = YES;
				IPHONEOS_DEPLOYMENT_TARGET = 12.1;
				MTL_ENABLE_DEBUG_INFO = INCLUDE_SOURCE;
				MTL_FAST_MATH = YES;
				ONLY_ACTIVE_ARCH = YES;
				SDKROOT = iphoneos;
				SWIFT_ACTIVE_COMPILATION_CONDITIONS = DEBUG;
				SWIFT_OPTIMIZATION_LEVEL = "-Onone";
			};
			name = Debug;
		};
		72C2B91F225C72D400BB8BA2 /* Release */ = {
			isa = XCBuildConfiguration;
			buildSettings = {
				ALWAYS_SEARCH_USER_PATHS = NO;
				CLANG_ANALYZER_NONNULL = YES;
				CLANG_ANALYZER_NUMBER_OBJECT_CONVERSION = YES_AGGRESSIVE;
				CLANG_CXX_LANGUAGE_STANDARD = "gnu++14";
				CLANG_CXX_LIBRARY = "libc++";
				CLANG_ENABLE_MODULES = YES;
				CLANG_ENABLE_OBJC_ARC = YES;
				CLANG_ENABLE_OBJC_WEAK = YES;
				CLANG_WARN_BLOCK_CAPTURE_AUTORELEASING = YES;
				CLANG_WARN_BOOL_CONVERSION = YES;
				CLANG_WARN_COMMA = YES;
				CLANG_WARN_CONSTANT_CONVERSION = YES;
				CLANG_WARN_DEPRECATED_OBJC_IMPLEMENTATIONS = YES;
				CLANG_WARN_DIRECT_OBJC_ISA_USAGE = YES_ERROR;
				CLANG_WARN_DOCUMENTATION_COMMENTS = YES;
				CLANG_WARN_EMPTY_BODY = YES;
				CLANG_WARN_ENUM_CONVERSION = YES;
				CLANG_WARN_INFINITE_RECURSION = YES;
				CLANG_WARN_INT_CONVERSION = YES;
				CLANG_WARN_NON_LITERAL_NULL_CONVERSION = YES;
				CLANG_WARN_OBJC_IMPLICIT_RETAIN_SELF = YES;
				CLANG_WARN_OBJC_LITERAL_CONVERSION = YES;
				CLANG_WARN_OBJC_ROOT_CLASS = YES_ERROR;
				CLANG_WARN_RANGE_LOOP_ANALYSIS = YES;
				CLANG_WARN_STRICT_PROTOTYPES = YES;
				CLANG_WARN_SUSPICIOUS_MOVE = YES;
				CLANG_WARN_UNGUARDED_AVAILABILITY = YES_AGGRESSIVE;
				CLANG_WARN_UNREACHABLE_CODE = YES;
				CLANG_WARN__DUPLICATE_METHOD_MATCH = YES;
				CODE_SIGN_IDENTITY = "iPhone Developer";
				COPY_PHASE_STRIP = NO;
				DEBUG_INFORMATION_FORMAT = "dwarf-with-dsym";
				ENABLE_NS_ASSERTIONS = NO;
				ENABLE_STRICT_OBJC_MSGSEND = YES;
				GCC_C_LANGUAGE_STANDARD = gnu11;
				GCC_NO_COMMON_BLOCKS = YES;
				GCC_WARN_64_TO_32_BIT_CONVERSION = YES;
				GCC_WARN_ABOUT_RETURN_TYPE = YES_ERROR;
				GCC_WARN_UNDECLARED_SELECTOR = YES;
				GCC_WARN_UNINITIALIZED_AUTOS = YES_AGGRESSIVE;
				GCC_WARN_UNUSED_FUNCTION = YES;
				GCC_WARN_UNUSED_VARIABLE = YES;
				IPHONEOS_DEPLOYMENT_TARGET = 12.1;
				MTL_ENABLE_DEBUG_INFO = NO;
				MTL_FAST_MATH = YES;
				SDKROOT = iphoneos;
				SWIFT_COMPILATION_MODE = wholemodule;
				SWIFT_OPTIMIZATION_LEVEL = "-O";
				VALIDATE_PRODUCT = YES;
			};
			name = Release;
		};
		72C2B921225C72D400BB8BA2 /* Debug */ = {
			isa = XCBuildConfiguration;
			baseConfigurationReference = C2950D2B2CE23034B8F77289 /* Pods-MonitorApp.debug.xcconfig */;
			buildSettings = {
				ASSETCATALOG_COMPILER_APPICON_NAME = AppIcon;
				CODE_SIGN_STYLE = Automatic;
				INFOPLIST_FILE = MonitorApp/Info.plist;
				LD_RUNPATH_SEARCH_PATHS = (
					"$(inherited)",
					"@executable_path/Frameworks",
				);
				PRODUCT_BUNDLE_IDENTIFIER = com.hwacom.MonitorApp;
				PRODUCT_NAME = "$(TARGET_NAME)";
				SWIFT_VERSION = 4.2;
				TARGETED_DEVICE_FAMILY = 1;
			};
			name = Debug;
		};
		72C2B922225C72D400BB8BA2 /* Release */ = {
			isa = XCBuildConfiguration;
			baseConfigurationReference = 0C97B24181153E58021AA8D4 /* Pods-MonitorApp.release.xcconfig */;
			buildSettings = {
				ASSETCATALOG_COMPILER_APPICON_NAME = AppIcon;
				CODE_SIGN_STYLE = Automatic;
				INFOPLIST_FILE = MonitorApp/Info.plist;
				LD_RUNPATH_SEARCH_PATHS = (
					"$(inherited)",
					"@executable_path/Frameworks",
				);
				PRODUCT_BUNDLE_IDENTIFIER = com.hwacom.MonitorApp;
				PRODUCT_NAME = "$(TARGET_NAME)";
				SWIFT_VERSION = 4.2;
				TARGETED_DEVICE_FAMILY = 1;
			};
			name = Release;
		};
/* End XCBuildConfiguration section */

/* Begin XCConfigurationList section */
		72C2B909225C72D100BB8BA2 /* Build configuration list for PBXProject "MonitorApp" */ = {
			isa = XCConfigurationList;
			buildConfigurations = (
				72C2B91E225C72D400BB8BA2 /* Debug */,
				72C2B91F225C72D400BB8BA2 /* Release */,
			);
			defaultConfigurationIsVisible = 0;
			defaultConfigurationName = Release;
		};
		72C2B920225C72D400BB8BA2 /* Build configuration list for PBXNativeTarget "MonitorApp" */ = {
			isa = XCConfigurationList;
			buildConfigurations = (
				72C2B921225C72D400BB8BA2 /* Debug */,
				72C2B922225C72D400BB8BA2 /* Release */,
			);
			defaultConfigurationIsVisible = 0;
			defaultConfigurationName = Release;
		};
/* End XCConfigurationList section */
	};
	rootObject = 72C2B906225C72D100BB8BA2 /* Project object */;
}
